// !$*UTF8*$!
{
	archiveVersion = 1;
	classes = {
	};
	objectVersion = 46;
	objects = {

/* Begin PBXBuildFile section */
		8BCBCA721A2E131C0083AA1B /* AppDelegate.swift in Sources */ = {isa = PBXBuildFile; fileRef = 8BCBCA711A2E131C0083AA1B /* AppDelegate.swift */; };
		8BCBCA741A2E131C0083AA1B /* ViewController.swift in Sources */ = {isa = PBXBuildFile; fileRef = 8BCBCA731A2E131C0083AA1B /* ViewController.swift */; };
		8BCBCA771A2E131C0083AA1B /* Main.storyboard in Resources */ = {isa = PBXBuildFile; fileRef = 8BCBCA751A2E131C0083AA1B /* Main.storyboard */; };
		8BCBCA791A2E131D0083AA1B /* Images.xcassets in Resources */ = {isa = PBXBuildFile; fileRef = 8BCBCA781A2E131D0083AA1B /* Images.xcassets */; };
		8BCBCA7C1A2E131D0083AA1B /* LaunchScreen.xib in Resources */ = {isa = PBXBuildFile; fileRef = 8BCBCA7A1A2E131D0083AA1B /* LaunchScreen.xib */; };
		8BCBCA881A2E131D0083AA1B /* web_contentTests.swift in Sources */ = {isa = PBXBuildFile; fileRef = 8BCBCA871A2E131D0083AA1B /* web_contentTests.swift */; };
/* End PBXBuildFile section */

/* Begin PBXContainerItemProxy section */
		8BCBCA821A2E131D0083AA1B /* PBXContainerItemProxy */ = {
			isa = PBXContainerItemProxy;
			containerPortal = 8BCBCA641A2E131B0083AA1B /* Project object */;
			proxyType = 1;
			remoteGlobalIDString = 8BCBCA6B1A2E131C0083AA1B;
			remoteInfo = web_content;
		};
/* End PBXContainerItemProxy section */

/* Begin PBXFileReference section */
		8BCBCA6C1A2E131C0083AA1B /* web_content.app */ = {isa = PBXFileReference; explicitFileType = wrapper.application; includeInIndex = 0; path = web_content.app; sourceTree = BUILT_PRODUCTS_DIR; };
		8BCBCA701A2E131C0083AA1B /* Info.plist */ = {isa = PBXFileReference; lastKnownFileType = text.plist.xml; path = Info.plist; sourceTree = "<group>"; };
		8BCBCA711A2E131C0083AA1B /* AppDelegate.swift */ = {isa = PBXFileReference; lastKnownFileType = sourcecode.swift; path = AppDelegate.swift; sourceTree = "<group>"; };
		8BCBCA731A2E131C0083AA1B /* ViewController.swift */ = {isa = PBXFileReference; lastKnownFileType = sourcecode.swift; path = ViewController.swift; sourceTree = "<group>"; };
		8BCBCA761A2E131C0083AA1B /* Base */ = {isa = PBXFileReference; lastKnownFileType = file.storyboard; name = Base; path = Base.lproj/Main.storyboard; sourceTree = "<group>"; };
		8BCBCA781A2E131D0083AA1B /* Images.xcassets */ = {isa = PBXFileReference; lastKnownFileType = folder.assetcatalog; path = Images.xcassets; sourceTree = "<group>"; };
		8BCBCA7B1A2E131D0083AA1B /* Base */ = {isa = PBXFileReference; lastKnownFileType = file.xib; name = Base; path = Base.lproj/LaunchScreen.xib; sourceTree = "<group>"; };
		8BCBCA811A2E131D0083AA1B /* web_contentTests.xctest */ = {isa = PBXFileReference; explicitFileType = wrapper.cfbundle; includeInIndex = 0; path = web_contentTests.xctest; sourceTree = BUILT_PRODUCTS_DIR; };
		8BCBCA861A2E131D0083AA1B /* Info.plist */ = {isa = PBXFileReference; lastKnownFileType = text.plist.xml; path = Info.plist; sourceTree = "<group>"; };
		8BCBCA871A2E131D0083AA1B /* web_contentTests.swift */ = {isa = PBXFileReference; lastKnownFileType = sourcecode.swift; path = web_contentTests.swift; sourceTree = "<group>"; };
		8BCBCA911A2E1E130083AA1B /* MyPlayground.playground */ = {isa = PBXFileReference; lastKnownFileType = file.playground; path = MyPlayground.playground; sourceTree = "<group>"; };
/* End PBXFileReference section */

/* Begin PBXFrameworksBuildPhase section */
		8BCBCA691A2E131C0083AA1B /* Frameworks */ = {
			isa = PBXFrameworksBuildPhase;
			buildActionMask = 2147483647;
			files = (
			);
			runOnlyForDeploymentPostprocessing = 0;
		};
		8BCBCA7E1A2E131D0083AA1B /* Frameworks */ = {
			isa = PBXFrameworksBuildPhase;
			buildActionMask = 2147483647;
			files = (
			);
			runOnlyForDeploymentPostprocessing = 0;
		};
/* End PBXFrameworksBuildPhase section */

/* Begin PBXGroup section */
		8BCBCA631A2E131B0083AA1B = {
			isa = PBXGroup;
			children = (
				8BCBCA6E1A2E131C0083AA1B /* web_content */,
				8BCBCA841A2E131D0083AA1B /* web_contentTests */,
				8BCBCA6D1A2E131C0083AA1B /* Products */,
			);
			sourceTree = "<group>";
		};
		8BCBCA6D1A2E131C0083AA1B /* Products */ = {
			isa = PBXGroup;
			children = (
				8BCBCA6C1A2E131C0083AA1B /* web_content.app */,
				8BCBCA811A2E131D0083AA1B /* web_contentTests.xctest */,
			);
			name = Products;
			sourceTree = "<group>";
		};
		8BCBCA6E1A2E131C0083AA1B /* web_content */ = {
			isa = PBXGroup;
			children = (
				8BCBCA711A2E131C0083AA1B /* AppDelegate.swift */,
				8BCBCA731A2E131C0083AA1B /* ViewController.swift */,
				8BCBCA911A2E1E130083AA1B /* MyPlayground.playground */,
				8BCBCA751A2E131C0083AA1B /* Main.storyboard */,
				8BCBCA781A2E131D0083AA1B /* Images.xcassets */,
				8BCBCA7A1A2E131D0083AA1B /* LaunchScreen.xib */,
				8BCBCA6F1A2E131C0083AA1B /* Supporting Files */,
			);
			path = web_content;
			sourceTree = "<group>";
		};
		8BCBCA6F1A2E131C0083AA1B /* Supporting Files */ = {
			isa = PBXGroup;
			children = (
				8BCBCA701A2E131C0083AA1B /* Info.plist */,
			);
			name = "Supporting Files";
			sourceTree = "<group>";
		};
		8BCBCA841A2E131D0083AA1B /* web_contentTests */ = {
			isa = PBXGroup;
			children = (
				8BCBCA871A2E131D0083AA1B /* web_contentTests.swift */,
				8BCBCA851A2E131D0083AA1B /* Supporting Files */,
			);
			path = web_contentTests;
			sourceTree = "<group>";
		};
		8BCBCA851A2E131D0083AA1B /* Supporting Files */ = {
			isa = PBXGroup;
			children = (
				8BCBCA861A2E131D0083AA1B /* Info.plist */,
			);
			name = "Supporting Files";
			sourceTree = "<group>";
		};
/* End PBXGroup section */

/* Begin PBXNativeTarget section */
		8BCBCA6B1A2E131C0083AA1B /* web_content */ = {
			isa = PBXNativeTarget;
			buildConfigurationList = 8BCBCA8B1A2E131D0083AA1B /* Build configuration list for PBXNativeTarget "web_content" */;
			buildPhases = (
				8BCBCA681A2E131C0083AA1B /* Sources */,
				8BCBCA691A2E131C0083AA1B /* Frameworks */,
				8BCBCA6A1A2E131C0083AA1B /* Resources */,
			);
			buildRules = (
			);
			dependencies = (
			);
			name = web_content;
			productName = web_content;
			productReference = 8BCBCA6C1A2E131C0083AA1B /* web_content.app */;
			productType = "com.apple.product-type.application";
		};
		8BCBCA801A2E131D0083AA1B /* web_contentTests */ = {
			isa = PBXNativeTarget;
			buildConfigurationList = 8BCBCA8E1A2E131D0083AA1B /* Build configuration list for PBXNativeTarget "web_contentTests" */;
			buildPhases = (
				8BCBCA7D1A2E131D0083AA1B /* Sources */,
				8BCBCA7E1A2E131D0083AA1B /* Frameworks */,
				8BCBCA7F1A2E131D0083AA1B /* Resources */,
			);
			buildRules = (
			);
			dependencies = (
				8BCBCA831A2E131D0083AA1B /* PBXTargetDependency */,
			);
			name = web_contentTests;
			productName = web_contentTests;
			productReference = 8BCBCA811A2E131D0083AA1B /* web_contentTests.xctest */;
			productType = "com.apple.product-type.bundle.unit-test";
		};
/* End PBXNativeTarget section */

/* Begin PBXProject section */
		8BCBCA641A2E131B0083AA1B /* Project object */ = {
			isa = PBXProject;
			attributes = {
				LastUpgradeCheck = 0610;
				ORGANIZATIONNAME = Griffappolis;
				TargetAttributes = {
					8BCBCA6B1A2E131C0083AA1B = {
						CreatedOnToolsVersion = 6.1;
					};
					8BCBCA801A2E131D0083AA1B = {
						CreatedOnToolsVersion = 6.1;
						TestTargetID = 8BCBCA6B1A2E131C0083AA1B;
					};
				};
			};
			buildConfigurationList = 8BCBCA671A2E131B0083AA1B /* Build configuration list for PBXProject "web_content" */;
			compatibilityVersion = "Xcode 3.2";
			developmentRegion = English;
			hasScannedForEncodings = 0;
			knownRegions = (
				en,
				Base,
			);
			mainGroup = 8BCBCA631A2E131B0083AA1B;
			productRefGroup = 8BCBCA6D1A2E131C0083AA1B /* Products */;
			projectDirPath = "";
			projectRoot = "";
			targets = (
				8BCBCA6B1A2E131C0083AA1B /* web_content */,
				8BCBCA801A2E131D0083AA1B /* web_contentTests */,
			);
		};
/* End PBXProject section */

/* Begin PBXResourcesBuildPhase section */
		8BCBCA6A1A2E131C0083AA1B /* Resources */ = {
			isa = PBXResourcesBuildPhase;
			buildActionMask = 2147483647;
			files = (
				8BCBCA771A2E131C0083AA1B /* Main.storyboard in Resources */,
				8BCBCA7C1A2E131D0083AA1B /* LaunchScreen.xib in Resources */,
				8BCBCA791A2E131D0083AA1B /* Images.xcassets in Resources */,
			);
			runOnlyForDeploymentPostprocessing = 0;
		};
		8BCBCA7F1A2E131D0083AA1B /* Resources */ = {
			isa = PBXResourcesBuildPhase;
			buildActionMask = 2147483647;
			files = (
			);
			runOnlyForDeploymentPostprocessing = 0;
		};
/* End PBXResourcesBuildPhase section */

/* Begin PBXSourcesBuildPhase section */
		8BCBCA681A2E131C0083AA1B /* Sources */ = {
			isa = PBXSourcesBuildPhase;
			buildActionMask = 2147483647;
			files = (
				8BCBCA741A2E131C0083AA1B /* ViewController.swift in Sources */,
				8BCBCA721A2E131C0083AA1B /* AppDelegate.swift in Sources */,
			);
			runOnlyForDeploymentPostprocessing = 0;
		};
		8BCBCA7D1A2E131D0083AA1B /* Sources */ = {
			isa = PBXSourcesBuildPhase;
			buildActionMask = 2147483647;
			files = (
				8BCBCA881A2E131D0083AA1B /* web_contentTests.swift in Sources */,
			);
			runOnlyForDeploymentPostprocessing = 0;
		};
/* End PBXSourcesBuildPhase section */

/* Begin PBXTargetDependency section */
		8BCBCA831A2E131D0083AA1B /* PBXTargetDependency */ = {
			isa = PBXTargetDependency;
			target = 8BCBCA6B1A2E131C0083AA1B /* web_content */;
			targetProxy = 8BCBCA821A2E131D0083AA1B /* PBXContainerItemProxy */;
		};
/* End PBXTargetDependency section */

/* Begin PBXVariantGroup section */
		8BCBCA751A2E131C0083AA1B /* Main.storyboard */ = {
			isa = PBXVariantGroup;
			children = (
				8BCBCA761A2E131C0083AA1B /* Base */,
			);
			name = Main.storyboard;
			sourceTree = "<group>";
		};
		8BCBCA7A1A2E131D0083AA1B /* LaunchScreen.xib */ = {
			isa = PBXVariantGroup;
			children = (
				8BCBCA7B1A2E131D0083AA1B /* Base */,
			);
			name = LaunchScreen.xib;
			sourceTree = "<group>";
		};
/* End PBXVariantGroup section */

/* Begin XCBuildConfiguration section */
		8BCBCA891A2E131D0083AA1B /* Debug */ = {
			isa = XCBuildConfiguration;
			buildSettings = {
				ALWAYS_SEARCH_USER_PATHS = NO;
				CLANG_CXX_LANGUAGE_STANDARD = "gnu++0x";
				CLANG_CXX_LIBRARY = "libc++";
				CLANG_ENABLE_MODULES = YES;
				CLANG_ENABLE_OBJC_ARC = YES;
				CLANG_WARN_BOOL_CONVERSION = YES;
				CLANG_WARN_CONSTANT_CONVERSION = YES;
				CLANG_WARN_DIRECT_OBJC_ISA_USAGE = YES_ERROR;
				CLANG_WARN_EMPTY_BODY = YES;
				CLANG_WARN_ENUM_CONVERSION = YES;
				CLANG_WARN_INT_CONVERSION = YES;
				CLANG_WARN_OBJC_ROOT_CLASS = YES_ERROR;
				CLANG_WARN_UNREACHABLE_CODE = YES;
				CLANG_WARN__DUPLICATE_METHOD_MATCH = YES;
				"CODE_SIGN_IDENTITY[sdk=iphoneos*]" = "iPhone Developer";
				COPY_PHASE_STRIP = NO;
				ENABLE_STRICT_OBJC_MSGSEND = YES;
				GCC_C_LANGUAGE_STANDARD = gnu99;
				GCC_DYNAMIC_NO_PIC = NO;
				GCC_OPTIMIZATION_LEVEL = 0;
				GCC_PREPROCESSOR_DEFINITIONS = (
					"DEBUG=1",
					"$(inherited)",
				);
				GCC_SYMBOLS_PRIVATE_EXTERN = NO;
				GCC_WARN_64_TO_32_BIT_CONVERSION = YES;
				GCC_WARN_ABOUT_RETURN_TYPE = YES_ERROR;
				GCC_WARN_UNDECLARED_SELECTOR = YES;
				GCC_WARN_UNINITIALIZED_AUTOS = YES_AGGRESSIVE;
				GCC_WARN_UNUSED_FUNCTION = YES;
				GCC_WARN_UNUSED_VARIABLE = YES;
				IPHONEOS_DEPLOYMENT_TARGET = 8.1;
				MTL_ENABLE_DEBUG_INFO = YES;
				ONLY_ACTIVE_ARCH = YES;
				SDKROOT = iphoneos;
				SWIFT_OPTIMIZATION_LEVEL = "-Onone";
			};
			name = Debug;
		};
		8BCBCA8A1A2E131D0083AA1B /* Release */ = {
			isa = XCBuildConfiguration;
			buildSettings = {
				ALWAYS_SEARCH_USER_PATHS = NO;
				CLANG_CXX_LANGUAGE_STANDARD = "gnu++0x";
				CLANG_CXX_LIBRARY = "libc++";
				CLANG_ENABLE_MODULES = YES;
				CLANG_ENABLE_OBJC_ARC = YES;
				CLANG_WARN_BOOL_CONVERSION = YES;
				CLANG_WARN_CONSTANT_CONVERSION = YES;
				CLANG_WARN_DIRECT_OBJC_ISA_USAGE = YES_ERROR;
				CLANG_WARN_EMPTY_BODY = YES;
				CLANG_WARN_ENUM_CONVERSION = YES;
				CLANG_WARN_INT_CONVERSION = YES;
				CLANG_WARN_OBJC_ROOT_CLASS = YES_ERROR;
				CLANG_WARN_UNREACHABLE_CODE = YES;
				CLANG_WARN__DUPLICATE_METHOD_MATCH = YES;
				"CODE_SIGN_IDENTITY[sdk=iphoneos*]" = "iPhone Developer";
				COPY_PHASE_STRIP = YES;
				ENABLE_NS_ASSERTIONS = NO;
				ENABLE_STRICT_OBJC_MSGSEND = YES;
				GCC_C_LANGUAGE_STANDARD = gnu99;
				GCC_WARN_64_TO_32_BIT_CONVERSION = YES;
				GCC_WARN_ABOUT_RETURN_TYPE = YES_ERROR;
				GCC_WARN_UNDECLARED_SELECTOR = YES;
				GCC_WARN_UNINITIALIZED_AUTOS = YES_AGGRESSIVE;
				GCC_WARN_UNUSED_FUNCTION = YES;
				GCC_WARN_UNUSED_VARIABLE = YES;
				IPHONEOS_DEPLOYMENT_TARGET = 8.1;
				MTL_ENABLE_DEBUG_INFO = NO;
				SDKROOT = iphoneos;
				VALIDATE_PRODUCT = YES;
			};
			name = Release;
		};
		8BCBCA8C1A2E131D0083AA1B /* Debug */ = {
			isa = XCBuildConfiguration;
			buildSettings = {
				ASSETCATALOG_COMPILER_APPICON_NAME = AppIcon;
				INFOPLIST_FILE = web_content/Info.plist;
				LD_RUNPATH_SEARCH_PATHS = "$(inherited) @executable_path/Frameworks";
				PRODUCT_NAME = "$(TARGET_NAME)";
			};
			name = Debug;
		};
		8BCBCA8D1A2E131D0083AA1B /* Release */ = {
			isa = XCBuildConfiguration;
			buildSettings = {
				ASSETCATALOG_COMPILER_APPICON_NAME = AppIcon;
				INFOPLIST_FILE = web_content/Info.plist;
				LD_RUNPATH_SEARCH_PATHS = "$(inherited) @executable_path/Frameworks";
				PRODUCT_NAME = "$(TARGET_NAME)";
			};
			name = Release;
		};
		8BCBCA8F1A2E131D0083AA1B /* Debug */ = {
			isa = XCBuildConfiguration;
			buildSettings = {
				BUNDLE_LOADER = "$(TEST_HOST)";
				FRAMEWORK_SEARCH_PATHS = (
					"$(SDKROOT)/Developer/Library/Frameworks",
					"$(inherited)",
				);
				GCC_PREPROCESSOR_DEFINITIONS = (
					"DEBUG=1",
					"$(inherited)",
				);
				INFOPLIST_FILE = web_contentTests/Info.plist;
				LD_RUNPATH_SEARCH_PATHS = "$(inherited) @executable_path/Frameworks @loader_path/Frameworks";
				PRODUCT_NAME = "$(TARGET_NAME)";
				TEST_HOST = "$(BUILT_PRODUCTS_DIR)/web_content.app/web_content";
			};
			name = Debug;
		};
		8BCBCA901A2E131D0083AA1B /* Release */ = {
			isa = XCBuildConfiguration;
			buildSettings = {
				BUNDLE_LOADER = "$(TEST_HOST)";
				FRAMEWORK_SEARCH_PATHS = (
					"$(SDKROOT)/Developer/Library/Frameworks",
					"$(inherited)",
				);
				INFOPLIST_FILE = web_contentTests/Info.plist;
				LD_RUNPATH_SEARCH_PATHS = "$(inherited) @executable_path/Frameworks @loader_path/Frameworks";
				PRODUCT_NAME = "$(TARGET_NAME)";
				TEST_HOST = "$(BUILT_PRODUCTS_DIR)/web_content.app/web_content";
			};
			name = Release;
		};
/* End XCBuildConfiguration section */

/* Begin XCConfigurationList section */
		8BCBCA671A2E131B0083AA1B /* Build configuration list for PBXProject "web_content" */ = {
			isa = XCConfigurationList;
			buildConfigurations = (
				8BCBCA891A2E131D0083AA1B /* Debug */,
				8BCBCA8A1A2E131D0083AA1B /* Release */,
			);
			defaultConfigurationIsVisible = 0;
			defaultConfigurationName = Release;
		};
		8BCBCA8B1A2E131D0083AA1B /* Build configuration list for PBXNativeTarget "web_content" */ = {
			isa = XCConfigurationList;
			buildConfigurations = (
				8BCBCA8C1A2E131D0083AA1B /* Debug */,
				8BCBCA8D1A2E131D0083AA1B /* Release */,
			);
			defaultConfigurationIsVisible = 0;
		};
		8BCBCA8E1A2E131D0083AA1B /* Build configuration list for PBXNativeTarget "web_contentTests" */ = {
			isa = XCConfigurationList;
			buildConfigurations = (
				8BCBCA8F1A2E131D0083AA1B /* Debug */,
				8BCBCA901A2E131D0083AA1B /* Release */,
			);
			defaultConfigurationIsVisible = 0;
		};
/* End XCConfigurationList section */
	};
	rootObject = 8BCBCA641A2E131B0083AA1B /* Project object */;
}
